
Microsoft Visual Studio Solution File, Format Version 12.00
# Visual Studio 15
VisualStudioVersion = 15.0.27703.2035
MinimumVisualStudioVersion = 10.0.40219.1
Project("{9A19103F-16F7-4668-BE54-9A1E7A4F7556}") = "TeaList", "TeaList\TeaList.csproj", "{399260DD-8951-4773-BD94-097D2408CA6D}"
EndProject
Global
	GlobalSection(SolutionConfigurationPlatforms) = preSolution
		Debug|Any CPU = Debug|Any CPU
		Release|Any CPU = Release|Any CPU
	EndGlobalSection
	GlobalSection(ProjectConfigurationPlatforms) = postSolution
		{399260DD-8951-4773-BD94-097D2408CA6D}.Debug|Any CPU.ActiveCfg = Debug|Any CPU
		{399260DD-8951-4773-BD94-097D2408CA6D}.Debug|Any CPU.Build.0 = Debug|Any CPU
		{399260DD-8951-4773-BD94-097D2408CA6D}.Release|Any CPU.ActiveCfg = Release|Any CPU
		{399260DD-8951-4773-BD94-097D2408CA6D}.Release|Any CPU.Build.0 = Release|Any CPU
	EndGlobalSection
	GlobalSection(SolutionProperties) = preSolution
		HideSolutionNode = FALSE
	EndGlobalSection
	GlobalSection(ExtensibilityGlobals) = postSolution
		SolutionGuid = {271C39B2-83B8-4B97-80C3-0BE0BB547497}
	EndGlobalSection
EndGlobal
